
Microsoft Visual Studio Solution File, Format Version 12.00
# Visual Studio Version 16
VisualStudioVersion = 16.0.31624.102
MinimumVisualStudioVersion = 10.0.40219.1
Project("{FAE04EC0-301F-11D3-BF4B-00C04F79EFBC}") = "WaterTrans.AzureBlobFileProvider", "src\WaterTrans.AzureBlobFileProvider\WaterTrans.AzureBlobFileProvider.csproj", "{474D78F9-5467-44EE-AAAF-16694D91BC92}"
EndProject
Project("{FAE04EC0-301F-11D3-BF4B-00C04F79EFBC}") = "WaterTrans.AzureBlobFileProvider.SampleWeb", "src\WaterTrans.AzureBlobFileProvider.SampleWeb\WaterTrans.AzureBlobFileProvider.SampleWeb.csproj", "{731C0E84-1BDA-49C2-8785-768E74819F27}"
EndProject
Global
	GlobalSection(SolutionConfigurationPlatforms) = preSolution
		Debug|Any CPU = Debug|Any CPU
		Release|Any CPU = Release|Any CPU
	EndGlobalSection
	GlobalSection(ProjectConfigurationPlatforms) = postSolution
		{474D78F9-5467-44EE-AAAF-16694D91BC92}.Debug|Any CPU.ActiveCfg = Debug|Any CPU
		{474D78F9-5467-44EE-AAAF-16694D91BC92}.Debug|Any CPU.Build.0 = Debug|Any CPU
		{474D78F9-5467-44EE-AAAF-16694D91BC92}.Release|Any CPU.ActiveCfg = Release|Any CPU
		{474D78F9-5467-44EE-AAAF-16694D91BC92}.Release|Any CPU.Build.0 = Release|Any CPU
		{731C0E84-1BDA-49C2-8785-768E74819F27}.Debug|Any CPU.ActiveCfg = Debug|Any CPU
		{731C0E84-1BDA-49C2-8785-768E74819F27}.Debug|Any CPU.Build.0 = Debug|Any CPU
		{731C0E84-1BDA-49C2-8785-768E74819F27}.Release|Any CPU.ActiveCfg = Release|Any CPU
		{731C0E84-1BDA-49C2-8785-768E74819F27}.Release|Any CPU.Build.0 = Release|Any CPU
	EndGlobalSection
	GlobalSection(SolutionProperties) = preSolution
		HideSolutionNode = FALSE
	EndGlobalSection
	GlobalSection(ExtensibilityGlobals) = postSolution
		SolutionGuid = {FC347389-B101-4BEE-9804-1810DD3398F9}
	EndGlobalSection
EndGlobal
